
Microsoft Visual Studio Solution File, Format Version 12.00
# Visual Studio Version 16
VisualStudioVersion = 16.0.33801.447
MinimumVisualStudioVersion = 10.0.40219.1
Project("{FAE04EC0-301F-11D3-BF4B-00C04F79EFBC}") = "Ejercicio_Insert.Android", "Ejercicio_Insert.Android\Ejercicio_Insert.Android.csproj", "{C1F2B5A8-83AE-4FF6-BECF-86B6C1D33378}"
EndProject
Project("{FAE04EC0-301F-11D3-BF4B-00C04F79EFBC}") = "Ejercicio_Insert.iOS", "Ejercicio_Insert.iOS\Ejercicio_Insert.iOS.csproj", "{98A20E49-B661-4EB0-A402-B936F5F75D24}"
EndProject
Project("{FAE04EC0-301F-11D3-BF4B-00C04F79EFBC}") = "Ejercicio_Insert", "Ejercicio_Insert\Ejercicio_Insert.csproj", "{66D8A459-9073-40C8-9E86-A138C1F27988}"
EndProject
Global
	GlobalSection(SolutionConfigurationPlatforms) = preSolution
		Debug|Any CPU = Debug|Any CPU
		Debug|iPhone = Debug|iPhone
		Debug|iPhoneSimulator = Debug|iPhoneSimulator
		Release|Any CPU = Release|Any CPU
		Release|iPhone = Release|iPhone
		Release|iPhoneSimulator = Release|iPhoneSimulator
	EndGlobalSection
	GlobalSection(ProjectConfigurationPlatforms) = postSolution
		{C1F2B5A8-83AE-4FF6-BECF-86B6C1D33378}.Debug|Any CPU.ActiveCfg = Debug|Any CPU
		{C1F2B5A8-83AE-4FF6-BECF-86B6C1D33378}.Debug|Any CPU.Build.0 = Debug|Any CPU
		{C1F2B5A8-83AE-4FF6-BECF-86B6C1D33378}.Debug|Any CPU.Deploy.0 = Debug|Any CPU
		{C1F2B5A8-83AE-4FF6-BECF-86B6C1D33378}.Debug|iPhone.ActiveCfg = Debug|Any CPU
		{C1F2B5A8-83AE-4FF6-BECF-86B6C1D33378}.Debug|iPhone.Build.0 = Debug|Any CPU
		{C1F2B5A8-83AE-4FF6-BECF-86B6C1D33378}.Debug|iPhone.Deploy.0 = Debug|Any CPU
		{C1F2B5A8-83AE-4FF6-BECF-86B6C1D33378}.Debug|iPhoneSimulator.ActiveCfg = Debug|Any CPU
		{C1F2B5A8-83AE-4FF6-BECF-86B6C1D33378}.Debug|iPhoneSimulator.Build.0 = Debug|Any CPU
		{C1F2B5A8-83AE-4FF6-BECF-86B6C1D33378}.Debug|iPhoneSimulator.Deploy.0 = Debug|Any CPU
		{C1F2B5A8-83AE-4FF6-BECF-86B6C1D33378}.Release|Any CPU.ActiveCfg = Release|Any CPU
		{C1F2B5A8-83AE-4FF6-BECF-86B6C1D33378}.Release|Any CPU.Build.0 = Release|Any CPU
		{C1F2B5A8-83AE-4FF6-BECF-86B6C1D33378}.Release|Any CPU.Deploy.0 = Release|Any CPU
		{C1F2B5A8-83AE-4FF6-BECF-86B6C1D33378}.Release|iPhone.ActiveCfg = Release|Any CPU
		{C1F2B5A8-83AE-4FF6-BECF-86B6C1D33378}.Release|iPhone.Build.0 = Release|Any CPU
		{C1F2B5A8-83AE-4FF6-BECF-86B6C1D33378}.Release|iPhone.Deploy.0 = Release|Any CPU
		{C1F2B5A8-83AE-4FF6-BECF-86B6C1D33378}.Release|iPhoneSimulator.ActiveCfg = Release|Any CPU
		{C1F2B5A8-83AE-4FF6-BECF-86B6C1D33378}.Release|iPhoneSimulator.Build.0 = Release|Any CPU
		{C1F2B5A8-83AE-4FF6-BECF-86B6C1D33378}.Release|iPhoneSimulator.Deploy.0 = Release|Any CPU
		{98A20E49-B661-4EB0-A402-B936F5F75D24}.Debug|Any CPU.ActiveCfg = Debug|iPhone
		{98A20E49-B661-4EB0-A402-B936F5F75D24}.Debug|Any CPU.Build.0 = Debug|iPhone
		{98A20E49-B661-4EB0-A402-B936F5F75D24}.Debug|Any CPU.Deploy.0 = Debug|iPhone
		{98A20E49-B661-4EB0-A402-B936F5F75D24}.Debug|iPhone.ActiveCfg = Debug|iPhone
		{98A20E49-B661-4EB0-A402-B936F5F75D24}.Debug|iPhone.Build.0 = Debug|iPhone
		{98A20E49-B661-4EB0-A402-B936F5F75D24}.Debug|iPhone.Deploy.0 = Debug|iPhone
		{98A20E49-B661-4EB0-A402-B936F5F75D24}.Debug|iPhoneSimulator.ActiveCfg = Debug|iPhoneSimulator
		{98A20E49-B661-4EB0-A402-B936F5F75D24}.Debug|iPhoneSimulator.Build.0 = Debug|iPhoneSimulator
		{98A20E49-B661-4EB0-A402-B936F5F75D24}.Debug|iPhoneSimulator.Deploy.0 = Debug|iPhoneSimulator
		{98A20E49-B661-4EB0-A402-B936F5F75D24}.Release|Any CPU.ActiveCfg = Release|iPhoneSimulator
		{98A20E49-B661-4EB0-A402-B936F5F75D24}.Release|Any CPU.Build.0 = Release|iPhoneSimulator
		{98A20E49-B661-4EB0-A402-B936F5F75D24}.Release|Any CPU.Deploy.0 = Release|iPhoneSimulator
		{98A20E49-B661-4EB0-A402-B936F5F75D24}.Release|iPhone.ActiveCfg = Release|iPhone
		{98A20E49-B661-4EB0-A402-B936F5F75D24}.Release|iPhone.Build.0 = Release|iPhone
		{98A20E49-B661-4EB0-A402-B936F5F75D24}.Release|iPhone.Deploy.0 = Release|iPhone
		{98A20E49-B661-4EB0-A402-B936F5F75D24}.Release|iPhoneSimulator.ActiveCfg = Release|iPhoneSimulator
		{98A20E49-B661-4EB0-A402-B936F5F75D24}.Release|iPhoneSimulator.Build.0 = Release|iPhoneSimulator
		{98A20E49-B661-4EB0-A402-B936F5F75D24}.Release|iPhoneSimulator.Deploy.0 = Release|iPhoneSimulator
		{66D8A459-9073-40C8-9E86-A138C1F27988}.Debug|Any CPU.ActiveCfg = Debug|Any CPU
		{66D8A459-9073-40C8-9E86-A138C1F27988}.Debug|Any CPU.Build.0 = Debug|Any CPU
		{66D8A459-9073-40C8-9E86-A138C1F27988}.Debug|Any CPU.Deploy.0 = Debug|Any CPU
		{66D8A459-9073-40C8-9E86-A138C1F27988}.Debug|iPhone.ActiveCfg = Debug|Any CPU
		{66D8A459-9073-40C8-9E86-A138C1F27988}.Debug|iPhone.Build.0 = Debug|Any CPU
		{66D8A459-9073-40C8-9E86-A138C1F27988}.Debug|iPhone.Deploy.0 = Debug|Any CPU
		{66D8A459-9073-40C8-9E86-A138C1F27988}.Debug|iPhoneSimulator.ActiveCfg = Debug|Any CPU
		{66D8A459-9073-40C8-9E86-A138C1F27988}.Debug|iPhoneSimulator.Build.0 = Debug|Any CPU
		{66D8A459-9073-40C8-9E86-A138C1F27988}.Debug|iPhoneSimulator.Deploy.0 = Debug|Any CPU
		{66D8A459-9073-40C8-9E86-A138C1F27988}.Release|Any CPU.ActiveCfg = Release|Any CPU
		{66D8A459-9073-40C8-9E86-A138C1F27988}.Release|Any CPU.Build.0 = Release|Any CPU
		{66D8A459-9073-40C8-9E86-A138C1F27988}.Release|Any CPU.Deploy.0 = Release|Any CPU
		{66D8A459-9073-40C8-9E86-A138C1F27988}.Release|iPhone.ActiveCfg = Release|Any CPU
		{66D8A459-9073-40C8-9E86-A138C1F27988}.Release|iPhone.Build.0 = Release|Any CPU
		{66D8A459-9073-40C8-9E86-A138C1F27988}.Release|iPhone.Deploy.0 = Release|Any CPU
		{66D8A459-9073-40C8-9E86-A138C1F27988}.Release|iPhoneSimulator.ActiveCfg = Release|Any CPU
		{66D8A459-9073-40C8-9E86-A138C1F27988}.Release|iPhoneSimulator.Build.0 = Release|Any CPU
		{66D8A459-9073-40C8-9E86-A138C1F27988}.Release|iPhoneSimulator.Deploy.0 = Release|Any CPU
	EndGlobalSection
	GlobalSection(SolutionProperties) = preSolution
		HideSolutionNode = FALSE
	EndGlobalSection
	GlobalSection(ExtensibilityGlobals) = postSolution
		SolutionGuid = {8E2163BC-D0CC-4FD6-97DB-3B3F3B601C62}
	EndGlobalSection
EndGlobal
